
Microsoft Visual Studio Solution File, Format Version 12.00
# Visual Studio Version 17
VisualStudioVersion = 17.10.35013.160
MinimumVisualStudioVersion = 10.0.40219.1
Project("{FAE04EC0-301F-11D3-BF4B-00C04F79EFBC}") = "atividade01", "atividade01\atividade01.csproj", "{46A148E5-078F-4321-B0C8-3AC1EF9827E1}"
EndProject
Global
	GlobalSection(SolutionConfigurationPlatforms) = preSolution
		Debug|Any CPU = Debug|Any CPU
		Release|Any CPU = Release|Any CPU
	EndGlobalSection
	GlobalSection(ProjectConfigurationPlatforms) = postSolution
		{46A148E5-078F-4321-B0C8-3AC1EF9827E1}.Debug|Any CPU.ActiveCfg = Debug|Any CPU
		{46A148E5-078F-4321-B0C8-3AC1EF9827E1}.Debug|Any CPU.Build.0 = Debug|Any CPU
		{46A148E5-078F-4321-B0C8-3AC1EF9827E1}.Release|Any CPU.ActiveCfg = Release|Any CPU
		{46A148E5-078F-4321-B0C8-3AC1EF9827E1}.Release|Any CPU.Build.0 = Release|Any CPU
	EndGlobalSection
	GlobalSection(SolutionProperties) = preSolution
		HideSolutionNode = FALSE
	EndGlobalSection
	GlobalSection(ExtensibilityGlobals) = postSolution
		SolutionGuid = {C0631BA4-EF46-4BE6-B487-EE284DE5B3BC}
	EndGlobalSection
EndGlobal
